// !$*UTF8*$!
{
	archiveVersion = 1;
	classes = {
	};
	objectVersion = 46;
	objects = {

/* Begin PBXBuildFile section */
		F97269471D7AB70B00D39486 /* AppDelegate.swift in Sources */ = {isa = PBXBuildFile; fileRef = F97269461D7AB70B00D39486 /* AppDelegate.swift */; };
		F97269491D7AB70B00D39486 /* ViewController.swift in Sources */ = {isa = PBXBuildFile; fileRef = F97269481D7AB70B00D39486 /* ViewController.swift */; };
		F972694C1D7AB70B00D39486 /* Main.storyboard in Resources */ = {isa = PBXBuildFile; fileRef = F972694A1D7AB70B00D39486 /* Main.storyboard */; };
		F972694E1D7AB70B00D39486 /* Assets.xcassets in Resources */ = {isa = PBXBuildFile; fileRef = F972694D1D7AB70B00D39486 /* Assets.xcassets */; };
		F97269511D7AB70B00D39486 /* LaunchScreen.storyboard in Resources */ = {isa = PBXBuildFile; fileRef = F972694F1D7AB70B00D39486 /* LaunchScreen.storyboard */; };
		F972695A1D7AB7BC00D39486 /* CloudKit.framework in Frameworks */ = {isa = PBXBuildFile; fileRef = F97269591D7AB7BC00D39486 /* CloudKit.framework */; };
		F972695C1D7AE62C00D39486 /* GetRecordVC.swift in Sources */ = {isa = PBXBuildFile; fileRef = F972695B1D7AE62C00D39486 /* GetRecordVC.swift */; };
/* End PBXBuildFile section */

/* Begin PBXFileReference section */
		F97269431D7AB70B00D39486 /* SOCloudKitExample.app */ = {isa = PBXFileReference; explicitFileType = wrapper.application; includeInIndex = 0; path = SOCloudKitExample.app; sourceTree = BUILT_PRODUCTS_DIR; };
		F97269461D7AB70B00D39486 /* AppDelegate.swift */ = {isa = PBXFileReference; lastKnownFileType = sourcecode.swift; path = AppDelegate.swift; sourceTree = "<group>"; };
		F97269481D7AB70B00D39486 /* ViewController.swift */ = {isa = PBXFileReference; lastKnownFileType = sourcecode.swift; path = ViewController.swift; sourceTree = "<group>"; };
		F972694B1D7AB70B00D39486 /* Base */ = {isa = PBXFileReference; lastKnownFileType = file.storyboard; name = Base; path = Base.lproj/Main.storyboard; sourceTree = "<group>"; };
		F972694D1D7AB70B00D39486 /* Assets.xcassets */ = {isa = PBXFileReference; lastKnownFileType = folder.assetcatalog; path = Assets.xcassets; sourceTree = "<group>"; };
		F97269501D7AB70B00D39486 /* Base */ = {isa = PBXFileReference; lastKnownFileType = file.storyboard; name = Base; path = Base.lproj/LaunchScreen.storyboard; sourceTree = "<group>"; };
		F97269521D7AB70B00D39486 /* Info.plist */ = {isa = PBXFileReference; lastKnownFileType = text.plist.xml; path = Info.plist; sourceTree = "<group>"; };
		F97269581D7AB79800D39486 /* SOCloudKitExample.entitlements */ = {isa = PBXFileReference; lastKnownFileType = text.xml; path = SOCloudKitExample.entitlements; sourceTree = "<group>"; };
		F97269591D7AB7BC00D39486 /* CloudKit.framework */ = {isa = PBXFileReference; lastKnownFileType = wrapper.framework; name = CloudKit.framework; path = System/Library/Frameworks/CloudKit.framework; sourceTree = SDKROOT; };
		F972695B1D7AE62C00D39486 /* GetRecordVC.swift */ = {isa = PBXFileReference; fileEncoding = 4; lastKnownFileType = sourcecode.swift; path = GetRecordVC.swift; sourceTree = "<group>"; };
/* End PBXFileReference section */

/* Begin PBXFrameworksBuildPhase section */
		F97269401D7AB70B00D39486 /* Frameworks */ = {
			isa = PBXFrameworksBuildPhase;
			buildActionMask = 2147483647;
			files = (
				F972695A1D7AB7BC00D39486 /* CloudKit.framework in Frameworks */,
			);
			runOnlyForDeploymentPostprocessing = 0;
		};
/* End PBXFrameworksBuildPhase section */

/* Begin PBXGroup section */
		F972693A1D7AB70B00D39486 = {
			isa = PBXGroup;
			children = (
				F97269591D7AB7BC00D39486 /* CloudKit.framework */,
				F97269451D7AB70B00D39486 /* SOCloudKitExample */,
				F97269441D7AB70B00D39486 /* Products */,
			);
			sourceTree = "<group>";
		};
		F97269441D7AB70B00D39486 /* Products */ = {
			isa = PBXGroup;
			children = (
				F97269431D7AB70B00D39486 /* SOCloudKitExample.app */,
			);
			name = Products;
			sourceTree = "<group>";
		};
		F97269451D7AB70B00D39486 /* SOCloudKitExample */ = {
			isa = PBXGroup;
			children = (
				F97269581D7AB79800D39486 /* SOCloudKitExample.entitlements */,
				F97269461D7AB70B00D39486 /* AppDelegate.swift */,
				F97269481D7AB70B00D39486 /* ViewController.swift */,
				F972695B1D7AE62C00D39486 /* GetRecordVC.swift */,
				F972694A1D7AB70B00D39486 /* Main.storyboard */,
				F972694D1D7AB70B00D39486 /* Assets.xcassets */,
				F972694F1D7AB70B00D39486 /* LaunchScreen.storyboard */,
				F97269521D7AB70B00D39486 /* Info.plist */,
			);
			path = SOCloudKitExample;
			sourceTree = "<group>";
		};
/* End PBXGroup section */

/* Begin PBXNativeTarget section */
		F97269421D7AB70B00D39486 /* SOCloudKitExample */ = {
			isa = PBXNativeTarget;
			buildConfigurationList = F97269551D7AB70B00D39486 /* Build configuration list for PBXNativeTarget "SOCloudKitExample" */;
			buildPhases = (
				F972693F1D7AB70B00D39486 /* Sources */,
				F97269401D7AB70B00D39486 /* Frameworks */,
				F97269411D7AB70B00D39486 /* Resources */,
			);
			buildRules = (
			);
			dependencies = (
			);
			name = SOCloudKitExample;
			productName = SOCloudKitExample;
			productReference = F97269431D7AB70B00D39486 /* SOCloudKitExample.app */;
			productType = "com.apple.product-type.application";
		};
/* End PBXNativeTarget section */

/* Begin PBXProject section */
		F972693B1D7AB70B00D39486 /* Project object */ = {
			isa = PBXProject;
			attributes = {
				LastSwiftUpdateCheck = 0730;
				LastUpgradeCheck = 0730;
				ORGANIZATIONNAME = myCompany;
				TargetAttributes = {
					F97269421D7AB70B00D39486 = {
						CreatedOnToolsVersion = 7.3;
						DevelopmentTeam = TRJ8UUB67F;
						SystemCapabilities = {
							com.apple.iCloud = {
								enabled = 1;
							};
						};
					};
				};
			};
			buildConfigurationList = F972693E1D7AB70B00D39486 /* Build configuration list for PBXProject "SOCloudKitExample" */;
			compatibilityVersion = "Xcode 3.2";
			developmentRegion = English;
			hasScannedForEncodings = 0;
			knownRegions = (
				en,
				Base,
			);
			mainGroup = F972693A1D7AB70B00D39486;
			productRefGroup = F97269441D7AB70B00D39486 /* Products */;
			projectDirPath = "";
			projectRoot = "";
			targets = (
				F97269421D7AB70B00D39486 /* SOCloudKitExample */,
			);
		};
/* End PBXProject section */

/* Begin PBXResourcesBuildPhase section */
		F97269411D7AB70B00D39486 /* Resources */ = {
			isa = PBXResourcesBuildPhase;
			buildActionMask = 2147483647;
			files = (
				F97269511D7AB70B00D39486 /* LaunchScreen.storyboard in Resources */,
				F972694E1D7AB70B00D39486 /* Assets.xcassets in Resources */,
				F972694C1D7AB70B00D39486 /* Main.storyboard in Resources */,
			);
			runOnlyForDeploymentPostprocessing = 0;
		};
/* End PBXResourcesBuildPhase section */

/* Begin PBXSourcesBuildPhase section */
		F972693F1D7AB70B00D39486 /* Sources */ = {
			isa = PBXSourcesBuildPhase;
			buildActionMask = 2147483647;
			files = (
				F97269491D7AB70B00D39486 /* ViewController.swift in Sources */,
				F972695C1D7AE62C00D39486 /* GetRecordVC.swift in Sources */,
				F97269471D7AB70B00D39486 /* AppDelegate.swift in Sources */,
			);
			runOnlyForDeploymentPostprocessing = 0;
		};
/* End PBXSourcesBuildPhase section */

/* Begin PBXVariantGroup section */
		F972694A1D7AB70B00D39486 /* Main.storyboard */ = {
			isa = PBXVariantGroup;
			children = (
				F972694B1D7AB70B00D39486 /* Base */,
			);
			name = Main.storyboard;
			sourceTree = "<group>";
		};
		F972694F1D7AB70B00D39486 /* LaunchScreen.storyboard */ = {
			isa = PBXVariantGroup;
			children = (
				F97269501D7AB70B00D39486 /* Base */,
			);
			name = LaunchScreen.storyboard;
			sourceTree = "<group>";
		};
/* End PBXVariantGroup section */

/* Begin XCBuildConfiguration section */
		F97269531D7AB70B00D39486 /* Debug */ = {
			isa = XCBuildConfiguration;
			buildSettings = {
				ALWAYS_SEARCH_USER_PATHS = NO;
				CLANG_ANALYZER_NONNULL = YES;
				CLANG_CXX_LANGUAGE_STANDARD = "gnu++0x";
				CLANG_CXX_LIBRARY = "libc++";
				CLANG_ENABLE_MODULES = YES;
				CLANG_ENABLE_OBJC_ARC = YES;
				CLANG_WARN_BOOL_CONVERSION = YES;
				CLANG_WARN_CONSTANT_CONVERSION = YES;
				CLANG_WARN_DIRECT_OBJC_ISA_USAGE = YES_ERROR;
				CLANG_WARN_EMPTY_BODY = YES;
				CLANG_WARN_ENUM_CONVERSION = YES;
				CLANG_WARN_INT_CONVERSION = YES;
				CLANG_WARN_OBJC_ROOT_CLASS = YES_ERROR;
				CLANG_WARN_UNREACHABLE_CODE = YES;
				CLANG_WARN__DUPLICATE_METHOD_MATCH = YES;
				CODE_SIGN_IDENTITY = "iPhone Developer: Jigar Mistry (6TMLCS8NYQ)";
				"CODE_SIGN_IDENTITY[sdk=iphoneos*]" = "iPhone Developer: Jigar Mistry (6TMLCS8NYQ)";
				COPY_PHASE_STRIP = NO;
				DEBUG_INFORMATION_FORMAT = dwarf;
				ENABLE_STRICT_OBJC_MSGSEND = YES;
				ENABLE_TESTABILITY = YES;
				GCC_C_LANGUAGE_STANDARD = gnu99;
				GCC_DYNAMIC_NO_PIC = NO;
				GCC_NO_COMMON_BLOCKS = YES;
				GCC_OPTIMIZATION_LEVEL = 0;
				GCC_PREPROCESSOR_DEFINITIONS = (
					"DEBUG=1",
					"$(inherited)",
				);
				GCC_WARN_64_TO_32_BIT_CONVERSION = YES;
				GCC_WARN_ABOUT_RETURN_TYPE = YES_ERROR;
				GCC_WARN_UNDECLARED_SELECTOR = YES;
				GCC_WARN_UNINITIALIZED_AUTOS = YES_AGGRESSIVE;
				GCC_WARN_UNUSED_FUNCTION = YES;
				GCC_WARN_UNUSED_VARIABLE = YES;
				IPHONEOS_DEPLOYMENT_TARGET = 9.3;
				MTL_ENABLE_DEBUG_INFO = YES;
				ONLY_ACTIVE_ARCH = YES;
				PROVISIONING_PROFILE = "fe8d1363-3a1b-49e1-99a9-3b3a61520dd2";
				SDKROOT = iphoneos;
				SWIFT_OPTIMIZATION_LEVEL = "-Onone";
			};
			name = Debug;
		};
		F97269541D7AB70B00D39486 /* Release */ = {
			isa = XCBuildConfiguration;
			buildSettings = {
				ALWAYS_SEARCH_USER_PATHS = NO;
				CLANG_ANALYZER_NONNULL = YES;
				CLANG_CXX_LANGUAGE_STANDARD = "gnu++0x";
				CLANG_CXX_LIBRARY = "libc++";
				CLANG_ENABLE_MODULES = YES;
				CLANG_ENABLE_OBJC_ARC = YES;
				CLANG_WARN_BOOL_CONVERSION = YES;
				CLANG_WARN_CONSTANT_CONVERSION = YES;
				CLANG_WARN_DIRECT_OBJC_ISA_USAGE = YES_ERROR;
				CLANG_WARN_EMPTY_BODY = YES;
				CLANG_WARN_ENUM_CONVERSION = YES;
				CLANG_WARN_INT_CONVERSION = YES;
				CLANG_WARN_OBJC_ROOT_CLASS = YES_ERROR;
				CLANG_WARN_UNREACHABLE_CODE = YES;
				CLANG_WARN__DUPLICATE_METHOD_MATCH = YES;
				CODE_SIGN_IDENTITY = "iPhone Developer: Jigar Mistry (6TMLCS8NYQ)";
				"CODE_SIGN_IDENTITY[sdk=iphoneos*]" = "iPhone Developer: Jigar Mistry (6TMLCS8NYQ)";
				COPY_PHASE_STRIP = NO;
				DEBUG_INFORMATION_FORMAT = "dwarf-with-dsym";
				ENABLE_NS_ASSERTIONS = NO;
				ENABLE_STRICT_OBJC_MSGSEND = YES;
				GCC_C_LANGUAGE_STANDARD = gnu99;
				GCC_NO_COMMON_BLOCKS = YES;
				GCC_WARN_64_TO_32_BIT_CONVERSION = YES;
				GCC_WARN_ABOUT_RETURN_TYPE = YES_ERROR;
				GCC_WARN_UNDECLARED_SELECTOR = YES;
				GCC_WARN_UNINITIALIZED_AUTOS = YES_AGGRESSIVE;
				GCC_WARN_UNUSED_FUNCTION = YES;
				GCC_WARN_UNUSED_VARIABLE = YES;
				IPHONEOS_DEPLOYMENT_TARGET = 9.3;
				MTL_ENABLE_DEBUG_INFO = NO;
				PROVISIONING_PROFILE = "fe8d1363-3a1b-49e1-99a9-3b3a61520dd2";
				SDKROOT = iphoneos;
				VALIDATE_PRODUCT = YES;
			};
			name = Release;
		};
		F97269561D7AB70B00D39486 /* Debug */ = {
			isa = XCBuildConfiguration;
			buildSettings = {
				ASSETCATALOG_COMPILER_APPICON_NAME = AppIcon;
				CODE_SIGN_ENTITLEMENTS = SOCloudKitExample/SOCloudKitExample.entitlements;
				CODE_SIGN_IDENTITY = "iPhone Developer: Jigar Mistry (6TMLCS8NYQ)";
				"CODE_SIGN_IDENTITY[sdk=iphoneos*]" = "iPhone Developer: Jigar Mistry (6TMLCS8NYQ)";
				INFOPLIST_FILE = SOCloudKitExample/Info.plist;
				LD_RUNPATH_SEARCH_PATHS = "$(inherited) @executable_path/Frameworks";
				PRODUCT_BUNDLE_IDENTIFIER = com.mycompany.so;
				PRODUCT_NAME = "$(TARGET_NAME)";
				PROVISIONING_PROFILE = "fe8d1363-3a1b-49e1-99a9-3b3a61520dd2";
			};
			name = Debug;
		};
		F97269571D7AB70B00D39486 /* Release */ = {
			isa = XCBuildConfiguration;
			buildSettings = {
				ASSETCATALOG_COMPILER_APPICON_NAME = AppIcon;
				CODE_SIGN_ENTITLEMENTS = SOCloudKitExample/SOCloudKitExample.entitlements;
				CODE_SIGN_IDENTITY = "iPhone Developer: Jigar Mistry (6TMLCS8NYQ)";
				"CODE_SIGN_IDENTITY[sdk=iphoneos*]" = "iPhone Developer: Jigar Mistry (6TMLCS8NYQ)";
				INFOPLIST_FILE = SOCloudKitExample/Info.plist;
				LD_RUNPATH_SEARCH_PATHS = "$(inherited) @executable_path/Frameworks";
				PRODUCT_BUNDLE_IDENTIFIER = com.mycompany.so;
				PRODUCT_NAME = "$(TARGET_NAME)";
				PROVISIONING_PROFILE = "fe8d1363-3a1b-49e1-99a9-3b3a61520dd2";
			};
			name = Release;
		};
/* End XCBuildConfiguration section */

/* Begin XCConfigurationList section */
		F972693E1D7AB70B00D39486 /* Build configuration list for PBXProject "SOCloudKitExample" */ = {
			isa = XCConfigurationList;
			buildConfigurations = (
				F97269531D7AB70B00D39486 /* Debug */,
				F97269541D7AB70B00D39486 /* Release */,
			);
			defaultConfigurationIsVisible = 0;
			defaultConfigurationName = Release;
		};
		F97269551D7AB70B00D39486 /* Build configuration list for PBXNativeTarget "SOCloudKitExample" */ = {
			isa = XCConfigurationList;
			buildConfigurations = (
				F97269561D7AB70B00D39486 /* Debug */,
				F97269571D7AB70B00D39486 /* Release */,
			);
			defaultConfigurationIsVisible = 0;
		};
/* End XCConfigurationList section */
	};
	rootObject = F972693B1D7AB70B00D39486 /* Project object */;
}
